
Microsoft Visual Studio Solution File, Format Version 12.00
# Visual Studio Version 16
VisualStudioVersion = 16.0.31205.134
MinimumVisualStudioVersion = 10.0.40219.1
Project("{9A19103F-16F7-4668-BE54-9A1E7A4F7556}") = "DiscussionForumREST", "DiscussionForum\DiscussionForumREST.csproj", "{3545140B-E654-4E94-842A-8E4F3FFF57BE}"
EndProject
Project("{9A19103F-16F7-4668-BE54-9A1E7A4F7556}") = "DFDL", "DFDL\DFDL.csproj", "{E5CA188B-A855-41D7-82F6-5645CE5251EE}"
EndProject
Project("{9A19103F-16F7-4668-BE54-9A1E7A4F7556}") = "DFBL", "DFBL\DFBL.csproj", "{DF3FE6A7-90AD-446F-84BC-941D005F9DF6}"
EndProject
Project("{9A19103F-16F7-4668-BE54-9A1E7A4F7556}") = "DFModels", "DFModels\DFModels.csproj", "{48F2FEDF-CAAE-4446-9385-851352E65FD5}"
EndProject
Project("{FAE04EC0-301F-11D3-BF4B-00C04F79EFBC}") = "DFTests", "DFTests\DFTests.csproj", "{3C4B3B14-8A7E-457A-8A03-430ED62AB886}"
EndProject
Global
	GlobalSection(SolutionConfigurationPlatforms) = preSolution
		Debug|Any CPU = Debug|Any CPU
		Release|Any CPU = Release|Any CPU
	EndGlobalSection
	GlobalSection(ProjectConfigurationPlatforms) = postSolution
		{3545140B-E654-4E94-842A-8E4F3FFF57BE}.Debug|Any CPU.ActiveCfg = Debug|Any CPU
		{3545140B-E654-4E94-842A-8E4F3FFF57BE}.Debug|Any CPU.Build.0 = Debug|Any CPU
		{3545140B-E654-4E94-842A-8E4F3FFF57BE}.Release|Any CPU.ActiveCfg = Release|Any CPU
		{3545140B-E654-4E94-842A-8E4F3FFF57BE}.Release|Any CPU.Build.0 = Release|Any CPU
		{E5CA188B-A855-41D7-82F6-5645CE5251EE}.Debug|Any CPU.ActiveCfg = Debug|Any CPU
		{E5CA188B-A855-41D7-82F6-5645CE5251EE}.Debug|Any CPU.Build.0 = Debug|Any CPU
		{E5CA188B-A855-41D7-82F6-5645CE5251EE}.Release|Any CPU.ActiveCfg = Release|Any CPU
		{E5CA188B-A855-41D7-82F6-5645CE5251EE}.Release|Any CPU.Build.0 = Release|Any CPU
		{DF3FE6A7-90AD-446F-84BC-941D005F9DF6}.Debug|Any CPU.ActiveCfg = Debug|Any CPU
		{DF3FE6A7-90AD-446F-84BC-941D005F9DF6}.Debug|Any CPU.Build.0 = Debug|Any CPU
		{DF3FE6A7-90AD-446F-84BC-941D005F9DF6}.Release|Any CPU.ActiveCfg = Release|Any CPU
		{DF3FE6A7-90AD-446F-84BC-941D005F9DF6}.Release|Any CPU.Build.0 = Release|Any CPU
		{48F2FEDF-CAAE-4446-9385-851352E65FD5}.Debug|Any CPU.ActiveCfg = Debug|Any CPU
		{48F2FEDF-CAAE-4446-9385-851352E65FD5}.Debug|Any CPU.Build.0 = Debug|Any CPU
		{48F2FEDF-CAAE-4446-9385-851352E65FD5}.Release|Any CPU.ActiveCfg = Release|Any CPU
		{48F2FEDF-CAAE-4446-9385-851352E65FD5}.Release|Any CPU.Build.0 = Release|Any CPU
		{3C4B3B14-8A7E-457A-8A03-430ED62AB886}.Debug|Any CPU.ActiveCfg = Debug|Any CPU
		{3C4B3B14-8A7E-457A-8A03-430ED62AB886}.Debug|Any CPU.Build.0 = Debug|Any CPU
		{3C4B3B14-8A7E-457A-8A03-430ED62AB886}.Release|Any CPU.ActiveCfg = Release|Any CPU
		{3C4B3B14-8A7E-457A-8A03-430ED62AB886}.Release|Any CPU.Build.0 = Release|Any CPU
	EndGlobalSection
	GlobalSection(SolutionProperties) = preSolution
		HideSolutionNode = FALSE
	EndGlobalSection
	GlobalSection(ExtensibilityGlobals) = postSolution
		SolutionGuid = {AE9322AE-43C8-4952-B670-7D8A348B749D}
	EndGlobalSection
EndGlobal
